// !$*UTF8*$!
{
	archiveVersion = 1;
	classes = {
	};
	objectVersion = 50;
	objects = {

/* Begin PBXBuildFile section */
		F4166AE622C19D3E00934E44 /* EncryptedDeviceKit.framework in Frameworks */ = {isa = PBXBuildFile; fileRef = F4166AE522C19D3E00934E44 /* EncryptedDeviceKit.framework */; };
		F4166AE722C19D4A00934E44 /* EncryptedDeviceKit.framework in Frameworks */ = {isa = PBXBuildFile; fileRef = F4166AE522C19D3E00934E44 /* EncryptedDeviceKit.framework */; };
		F4166AE822C19D4A00934E44 /* EncryptedDeviceKit.framework in Embed Frameworks */ = {isa = PBXBuildFile; fileRef = F4166AE522C19D3E00934E44 /* EncryptedDeviceKit.framework */; settings = {ATTRIBUTES = (CodeSignOnCopy, RemoveHeadersOnCopy, ); }; };
		F488E02722C0536300BBC105 /* AppDelegate.swift in Sources */ = {isa = PBXBuildFile; fileRef = F488E02622C0536300BBC105 /* AppDelegate.swift */; };
		F488E02922C0536300BBC105 /* ViewController.swift in Sources */ = {isa = PBXBuildFile; fileRef = F488E02822C0536300BBC105 /* ViewController.swift */; };
		F488E02C22C0536300BBC105 /* Main.storyboard in Resources */ = {isa = PBXBuildFile; fileRef = F488E02A22C0536300BBC105 /* Main.storyboard */; };
		F488E02E22C0536700BBC105 /* Assets.xcassets in Resources */ = {isa = PBXBuildFile; fileRef = F488E02D22C0536700BBC105 /* Assets.xcassets */; };
		F488E03122C0536700BBC105 /* LaunchScreen.storyboard in Resources */ = {isa = PBXBuildFile; fileRef = F488E02F22C0536700BBC105 /* LaunchScreen.storyboard */; };
		F4B5D2A722C2304800B63448 /* EncryptedAPIManager.framework in Frameworks */ = {isa = PBXBuildFile; fileRef = F4B5D2A622C2304800B63448 /* EncryptedAPIManager.framework */; };
		F4B5D2A822C2305000B63448 /* EncryptedAPIManager.framework in Frameworks */ = {isa = PBXBuildFile; fileRef = F4B5D2A622C2304800B63448 /* EncryptedAPIManager.framework */; };
		F4B5D2A922C2305000B63448 /* EncryptedAPIManager.framework in Embed Frameworks */ = {isa = PBXBuildFile; fileRef = F4B5D2A622C2304800B63448 /* EncryptedAPIManager.framework */; settings = {ATTRIBUTES = (CodeSignOnCopy, RemoveHeadersOnCopy, ); }; };
/* End PBXBuildFile section */

/* Begin PBXCopyFilesBuildPhase section */
		F4E864AD22C0E0180002D3E0 /* Embed Frameworks */ = {
			isa = PBXCopyFilesBuildPhase;
			buildActionMask = 2147483647;
			dstPath = "";
			dstSubfolderSpec = 10;
			files = (
				F4B5D2A922C2305000B63448 /* EncryptedAPIManager.framework in Embed Frameworks */,
				F4166AE822C19D4A00934E44 /* EncryptedDeviceKit.framework in Embed Frameworks */,
			);
			name = "Embed Frameworks";
			runOnlyForDeploymentPostprocessing = 0;
		};
/* End PBXCopyFilesBuildPhase section */

/* Begin PBXFileReference section */
		F4166AE522C19D3E00934E44 /* EncryptedDeviceKit.framework */ = {isa = PBXFileReference; lastKnownFileType = wrapper.framework; path = EncryptedDeviceKit.framework; sourceTree = "<group>"; };
		F488E02322C0536300BBC105 /* DeviceInformation.app */ = {isa = PBXFileReference; explicitFileType = wrapper.application; includeInIndex = 0; path = DeviceInformation.app; sourceTree = BUILT_PRODUCTS_DIR; };
		F488E02622C0536300BBC105 /* AppDelegate.swift */ = {isa = PBXFileReference; lastKnownFileType = sourcecode.swift; path = AppDelegate.swift; sourceTree = "<group>"; };
		F488E02822C0536300BBC105 /* ViewController.swift */ = {isa = PBXFileReference; lastKnownFileType = sourcecode.swift; path = ViewController.swift; sourceTree = "<group>"; };
		F488E02B22C0536300BBC105 /* Base */ = {isa = PBXFileReference; lastKnownFileType = file.storyboard; name = Base; path = Base.lproj/Main.storyboard; sourceTree = "<group>"; };
		F488E02D22C0536700BBC105 /* Assets.xcassets */ = {isa = PBXFileReference; lastKnownFileType = folder.assetcatalog; path = Assets.xcassets; sourceTree = "<group>"; };
		F488E03022C0536700BBC105 /* Base */ = {isa = PBXFileReference; lastKnownFileType = file.storyboard; name = Base; path = Base.lproj/LaunchScreen.storyboard; sourceTree = "<group>"; };
		F488E03222C0536700BBC105 /* Info.plist */ = {isa = PBXFileReference; lastKnownFileType = text.plist.xml; path = Info.plist; sourceTree = "<group>"; };
		F4B5D2A622C2304800B63448 /* EncryptedAPIManager.framework */ = {isa = PBXFileReference; lastKnownFileType = wrapper.framework; path = EncryptedAPIManager.framework; sourceTree = "<group>"; };
/* End PBXFileReference section */

/* Begin PBXFrameworksBuildPhase section */
		F488E02022C0536300BBC105 /* Frameworks */ = {
			isa = PBXFrameworksBuildPhase;
			buildActionMask = 2147483647;
			files = (
				F4B5D2A822C2305000B63448 /* EncryptedAPIManager.framework in Frameworks */,
				F4B5D2A722C2304800B63448 /* EncryptedAPIManager.framework in Frameworks */,
				F4166AE622C19D3E00934E44 /* EncryptedDeviceKit.framework in Frameworks */,
				F4166AE722C19D4A00934E44 /* EncryptedDeviceKit.framework in Frameworks */,
			);
			runOnlyForDeploymentPostprocessing = 0;
		};
/* End PBXFrameworksBuildPhase section */

/* Begin PBXGroup section */
		F488E01A22C0536300BBC105 = {
			isa = PBXGroup;
			children = (
				F488E02522C0536300BBC105 /* DeviceInformation */,
				F488E02422C0536300BBC105 /* Products */,
			);
			sourceTree = "<group>";
		};
		F488E02422C0536300BBC105 /* Products */ = {
			isa = PBXGroup;
			children = (
				F488E02322C0536300BBC105 /* DeviceInformation.app */,
			);
			name = Products;
			sourceTree = "<group>";
		};
		F488E02522C0536300BBC105 /* DeviceInformation */ = {
			isa = PBXGroup;
			children = (
				F488E02622C0536300BBC105 /* AppDelegate.swift */,
				F488E02822C0536300BBC105 /* ViewController.swift */,
				F488E02A22C0536300BBC105 /* Main.storyboard */,
				F488E02D22C0536700BBC105 /* Assets.xcassets */,
				F488E02F22C0536700BBC105 /* LaunchScreen.storyboard */,
				F488E03222C0536700BBC105 /* Info.plist */,
				F4B5D2A622C2304800B63448 /* EncryptedAPIManager.framework */,
				F4166AE522C19D3E00934E44 /* EncryptedDeviceKit.framework */,
			);
			path = DeviceInformation;
			sourceTree = "<group>";
		};
/* End PBXGroup section */

/* Begin PBXNativeTarget section */
		F488E02222C0536300BBC105 /* DeviceInformation */ = {
			isa = PBXNativeTarget;
			buildConfigurationList = F488E03522C0536700BBC105 /* Build configuration list for PBXNativeTarget "DeviceInformation" */;
			buildPhases = (
				F488E01F22C0536300BBC105 /* Sources */,
				F488E02022C0536300BBC105 /* Frameworks */,
				F488E02122C0536300BBC105 /* Resources */,
				F4E864AD22C0E0180002D3E0 /* Embed Frameworks */,
			);
			buildRules = (
			);
			dependencies = (
			);
			name = DeviceInformation;
			productName = DeviceInformation;
			productReference = F488E02322C0536300BBC105 /* DeviceInformation.app */;
			productType = "com.apple.product-type.application";
		};
/* End PBXNativeTarget section */

/* Begin PBXProject section */
		F488E01B22C0536300BBC105 /* Project object */ = {
			isa = PBXProject;
			attributes = {
				LastSwiftUpdateCheck = 1020;
				LastUpgradeCheck = 1020;
				ORGANIZATIONNAME = "Arunprasat Selvaraj";
				TargetAttributes = {
					F488E02222C0536300BBC105 = {
						CreatedOnToolsVersion = 10.2.1;
					};
				};
			};
			buildConfigurationList = F488E01E22C0536300BBC105 /* Build configuration list for PBXProject "DeviceInformation" */;
			compatibilityVersion = "Xcode 9.3";
			developmentRegion = en;
			hasScannedForEncodings = 0;
			knownRegions = (
				en,
				Base,
			);
			mainGroup = F488E01A22C0536300BBC105;
			productRefGroup = F488E02422C0536300BBC105 /* Products */;
			projectDirPath = "";
			projectRoot = "";
			targets = (
				F488E02222C0536300BBC105 /* DeviceInformation */,
			);
		};
/* End PBXProject section */

/* Begin PBXResourcesBuildPhase section */
		F488E02122C0536300BBC105 /* Resources */ = {
			isa = PBXResourcesBuildPhase;
			buildActionMask = 2147483647;
			files = (
				F488E03122C0536700BBC105 /* LaunchScreen.storyboard in Resources */,
				F488E02E22C0536700BBC105 /* Assets.xcassets in Resources */,
				F488E02C22C0536300BBC105 /* Main.storyboard in Resources */,
			);
			runOnlyForDeploymentPostprocessing = 0;
		};
/* End PBXResourcesBuildPhase section */

/* Begin PBXSourcesBuildPhase section */
		F488E01F22C0536300BBC105 /* Sources */ = {
			isa = PBXSourcesBuildPhase;
			buildActionMask = 2147483647;
			files = (
				F488E02922C0536300BBC105 /* ViewController.swift in Sources */,
				F488E02722C0536300BBC105 /* AppDelegate.swift in Sources */,
			);
			runOnlyForDeploymentPostprocessing = 0;
		};
/* End PBXSourcesBuildPhase section */

/* Begin PBXVariantGroup section */
		F488E02A22C0536300BBC105 /* Main.storyboard */ = {
			isa = PBXVariantGroup;
			children = (
				F488E02B22C0536300BBC105 /* Base */,
			);
			name = Main.storyboard;
			sourceTree = "<group>";
		};
		F488E02F22C0536700BBC105 /* LaunchScreen.storyboard */ = {
			isa = PBXVariantGroup;
			children = (
				F488E03022C0536700BBC105 /* Base */,
			);
			name = LaunchScreen.storyboard;
			sourceTree = "<group>";
		};
/* End PBXVariantGroup section */

/* Begin XCBuildConfiguration section */
		F488E03322C0536700BBC105 /* Debug */ = {
			isa = XCBuildConfiguration;
			buildSettings = {
				ALWAYS_SEARCH_USER_PATHS = NO;
				CLANG_ANALYZER_NONNULL = YES;
				CLANG_ANALYZER_NUMBER_OBJECT_CONVERSION = YES_AGGRESSIVE;
				CLANG_CXX_LANGUAGE_STANDARD = "gnu++14";
				CLANG_CXX_LIBRARY = "libc++";
				CLANG_ENABLE_MODULES = YES;
				CLANG_ENABLE_OBJC_ARC = YES;
				CLANG_ENABLE_OBJC_WEAK = YES;
				CLANG_WARN_BLOCK_CAPTURE_AUTORELEASING = YES;
				CLANG_WARN_BOOL_CONVERSION = YES;
				CLANG_WARN_COMMA = YES;
				CLANG_WARN_CONSTANT_CONVERSION = YES;
				CLANG_WARN_DEPRECATED_OBJC_IMPLEMENTATIONS = YES;
				CLANG_WARN_DIRECT_OBJC_ISA_USAGE = YES_ERROR;
				CLANG_WARN_DOCUMENTATION_COMMENTS = YES;
				CLANG_WARN_EMPTY_BODY = YES;
				CLANG_WARN_ENUM_CONVERSION = YES;
				CLANG_WARN_INFINITE_RECURSION = YES;
				CLANG_WARN_INT_CONVERSION = YES;
				CLANG_WARN_NON_LITERAL_NULL_CONVERSION = YES;
				CLANG_WARN_OBJC_IMPLICIT_RETAIN_SELF = YES;
				CLANG_WARN_OBJC_LITERAL_CONVERSION = YES;
				CLANG_WARN_OBJC_ROOT_CLASS = YES_ERROR;
				CLANG_WARN_RANGE_LOOP_ANALYSIS = YES;
				CLANG_WARN_STRICT_PROTOTYPES = YES;
				CLANG_WARN_SUSPICIOUS_MOVE = YES;
				CLANG_WARN_UNGUARDED_AVAILABILITY = YES_AGGRESSIVE;
				CLANG_WARN_UNREACHABLE_CODE = YES;
				CLANG_WARN__DUPLICATE_METHOD_MATCH = YES;
				CODE_SIGN_IDENTITY = "iPhone Developer";
				COPY_PHASE_STRIP = NO;
				DEBUG_INFORMATION_FORMAT = dwarf;
				ENABLE_STRICT_OBJC_MSGSEND = YES;
				ENABLE_TESTABILITY = YES;
				GCC_C_LANGUAGE_STANDARD = gnu11;
				GCC_DYNAMIC_NO_PIC = NO;
				GCC_NO_COMMON_BLOCKS = YES;
				GCC_OPTIMIZATION_LEVEL = 0;
				GCC_PREPROCESSOR_DEFINITIONS = (
					"DEBUG=1",
					"$(inherited)",
				);
				GCC_WARN_64_TO_32_BIT_CONVERSION = YES;
				GCC_WARN_ABOUT_RETURN_TYPE = YES_ERROR;
				GCC_WARN_UNDECLARED_SELECTOR = YES;
				GCC_WARN_UNINITIALIZED_AUTOS = YES_AGGRESSIVE;
				GCC_WARN_UNUSED_FUNCTION = YES;
				GCC_WARN_UNUSED_VARIABLE = YES;
				IPHONEOS_DEPLOYMENT_TARGET = 12.2;
				MTL_ENABLE_DEBUG_INFO = INCLUDE_SOURCE;
				MTL_FAST_MATH = YES;
				ONLY_ACTIVE_ARCH = YES;
				SDKROOT = iphoneos;
				SWIFT_ACTIVE_COMPILATION_CONDITIONS = DEBUG;
				SWIFT_OPTIMIZATION_LEVEL = "-Onone";
			};
			name = Debug;
		};
		F488E03422C0536700BBC105 /* Release */ = {
			isa = XCBuildConfiguration;
			buildSettings = {
				ALWAYS_SEARCH_USER_PATHS = NO;
				CLANG_ANALYZER_NONNULL = YES;
				CLANG_ANALYZER_NUMBER_OBJECT_CONVERSION = YES_AGGRESSIVE;
				CLANG_CXX_LANGUAGE_STANDARD = "gnu++14";
				CLANG_CXX_LIBRARY = "libc++";
				CLANG_ENABLE_MODULES = YES;
				CLANG_ENABLE_OBJC_ARC = YES;
				CLANG_ENABLE_OBJC_WEAK = YES;
				CLANG_WARN_BLOCK_CAPTURE_AUTORELEASING = YES;
				CLANG_WARN_BOOL_CONVERSION = YES;
				CLANG_WARN_COMMA = YES;
				CLANG_WARN_CONSTANT_CONVERSION = YES;
				CLANG_WARN_DEPRECATED_OBJC_IMPLEMENTATIONS = YES;
				CLANG_WARN_DIRECT_OBJC_ISA_USAGE = YES_ERROR;
				CLANG_WARN_DOCUMENTATION_COMMENTS = YES;
				CLANG_WARN_EMPTY_BODY = YES;
				CLANG_WARN_ENUM_CONVERSION = YES;
				CLANG_WARN_INFINITE_RECURSION = YES;
				CLANG_WARN_INT_CONVERSION = YES;
				CLANG_WARN_NON_LITERAL_NULL_CONVERSION = YES;
				CLANG_WARN_OBJC_IMPLICIT_RETAIN_SELF = YES;
				CLANG_WARN_OBJC_LITERAL_CONVERSION = YES;
				CLANG_WARN_OBJC_ROOT_CLASS = YES_ERROR;
				CLANG_WARN_RANGE_LOOP_ANALYSIS = YES;
				CLANG_WARN_STRICT_PROTOTYPES = YES;
				CLANG_WARN_SUSPICIOUS_MOVE = YES;
				CLANG_WARN_UNGUARDED_AVAILABILITY = YES_AGGRESSIVE;
				CLANG_WARN_UNREACHABLE_CODE = YES;
				CLANG_WARN__DUPLICATE_METHOD_MATCH = YES;
				CODE_SIGN_IDENTITY = "iPhone Developer";
				COPY_PHASE_STRIP = NO;
				DEBUG_INFORMATION_FORMAT = "dwarf-with-dsym";
				ENABLE_NS_ASSERTIONS = NO;
				ENABLE_STRICT_OBJC_MSGSEND = YES;
				GCC_C_LANGUAGE_STANDARD = gnu11;
				GCC_NO_COMMON_BLOCKS = YES;
				GCC_WARN_64_TO_32_BIT_CONVERSION = YES;
				GCC_WARN_ABOUT_RETURN_TYPE = YES_ERROR;
				GCC_WARN_UNDECLARED_SELECTOR = YES;
				GCC_WARN_UNINITIALIZED_AUTOS = YES_AGGRESSIVE;
				GCC_WARN_UNUSED_FUNCTION = YES;
				GCC_WARN_UNUSED_VARIABLE = YES;
				IPHONEOS_DEPLOYMENT_TARGET = 12.2;
				MTL_ENABLE_DEBUG_INFO = NO;
				MTL_FAST_MATH = YES;
				SDKROOT = iphoneos;
				SWIFT_COMPILATION_MODE = wholemodule;
				SWIFT_OPTIMIZATION_LEVEL = "-O";
				VALIDATE_PRODUCT = YES;
			};
			name = Release;
		};
		F488E03622C0536700BBC105 /* Debug */ = {
			isa = XCBuildConfiguration;
			buildSettings = {
				ASSETCATALOG_COMPILER_APPICON_NAME = AppIcon;
				CODE_SIGN_STYLE = Automatic;
				DEVELOPMENT_TEAM = QZXD2F9AJ3;
				FRAMEWORK_SEARCH_PATHS = (
					"$(inherited)",
					"$(PROJECT_DIR)",
					"$(PROJECT_DIR)/DeviceInformation",
				);
				INFOPLIST_FILE = DeviceInformation/Info.plist;
				LD_RUNPATH_SEARCH_PATHS = (
					"$(inherited)",
					"@executable_path/Frameworks",
				);
				PRODUCT_BUNDLE_IDENTIFIER = Home.DeviceInformation;
				PRODUCT_NAME = "$(TARGET_NAME)";
				SWIFT_VERSION = 5.0;
				TARGETED_DEVICE_FAMILY = "1,2";
			};
			name = Debug;
		};
		F488E03722C0536700BBC105 /* Release */ = {
			isa = XCBuildConfiguration;
			buildSettings = {
				ASSETCATALOG_COMPILER_APPICON_NAME = AppIcon;
				CODE_SIGN_STYLE = Automatic;
				DEVELOPMENT_TEAM = QZXD2F9AJ3;
				FRAMEWORK_SEARCH_PATHS = (
					"$(inherited)",
					"$(PROJECT_DIR)",
					"$(PROJECT_DIR)/DeviceInformation",
				);
				INFOPLIST_FILE = DeviceInformation/Info.plist;
				LD_RUNPATH_SEARCH_PATHS = (
					"$(inherited)",
					"@executable_path/Frameworks",
				);
				PRODUCT_BUNDLE_IDENTIFIER = Home.DeviceInformation;
				PRODUCT_NAME = "$(TARGET_NAME)";
				SWIFT_VERSION = 5.0;
				TARGETED_DEVICE_FAMILY = "1,2";
			};
			name = Release;
		};
/* End XCBuildConfiguration section */

/* Begin XCConfigurationList section */
		F488E01E22C0536300BBC105 /* Build configuration list for PBXProject "DeviceInformation" */ = {
			isa = XCConfigurationList;
			buildConfigurations = (
				F488E03322C0536700BBC105 /* Debug */,
				F488E03422C0536700BBC105 /* Release */,
			);
			defaultConfigurationIsVisible = 0;
			defaultConfigurationName = Release;
		};
		F488E03522C0536700BBC105 /* Build configuration list for PBXNativeTarget "DeviceInformation" */ = {
			isa = XCConfigurationList;
			buildConfigurations = (
				F488E03622C0536700BBC105 /* Debug */,
				F488E03722C0536700BBC105 /* Release */,
			);
			defaultConfigurationIsVisible = 0;
			defaultConfigurationName = Release;
		};
/* End XCConfigurationList section */
	};
	rootObject = F488E01B22C0536300BBC105 /* Project object */;
}
